
Microsoft Visual Studio Solution File, Format Version 12.00
# Visual Studio 15
VisualStudioVersion = 15.0.27428.2037
MinimumVisualStudioVersion = 10.0.40219.1
Project("{2150E333-8FDC-42A3-9474-1A3956D46DE8}") = "DesignPattern", "DesignPattern", "{E17C06C9-C583-41B8-BBB5-0F858D90C353}"
EndProject
Project("{2150E333-8FDC-42A3-9474-1A3956D46DE8}") = "创建型模式", "创建型模式", "{CC73661A-7046-4FC5-A1E9-1D20F03EF103}"
EndProject
Project("{2150E333-8FDC-42A3-9474-1A3956D46DE8}") = "结构型模式", "结构型模式", "{A33179A0-C884-4D6F-8983-FD0181D55B26}"
EndProject
Project("{2150E333-8FDC-42A3-9474-1A3956D46DE8}") = "行为型模式", "行为型模式", "{40AF4FC1-6C28-4252-85AB-4BEA0E3CD47D}"
EndProject
Project("{FAE04EC0-301F-11D3-BF4B-00C04F79EFBC}") = "FactoryPattern", "FactoryPattern\FactoryPattern.csproj", "{4691DBCB-764D-4B47-8CB9-F31EFD1EF423}"
EndProject
Project("{FAE04EC0-301F-11D3-BF4B-00C04F79EFBC}") = "AbstractFactoryPattern", "AbstractFactoryPattern\AbstractFactoryPattern.csproj", "{A8F05014-9677-4079-B3AB-251FC4010078}"
EndProject
Project("{FAE04EC0-301F-11D3-BF4B-00C04F79EFBC}") = "SingletonPattern", "SingletonPattern\SingletonPattern.csproj", "{7F914924-6165-4D32-BDBA-01E1C2E232A3}"
EndProject
Project("{FAE04EC0-301F-11D3-BF4B-00C04F79EFBC}") = "BuilderPattern", "BuilderPattern\BuilderPattern.csproj", "{B1C6955F-56C9-4EE1-A334-F4EAA7A4D390}"
EndProject
Project("{FAE04EC0-301F-11D3-BF4B-00C04F79EFBC}") = "PrototypePattern", "PrototypePattern\PrototypePattern.csproj", "{1A513C31-EECD-45D0-B6CC-5B90A2B8105D}"
EndProject
Project("{FAE04EC0-301F-11D3-BF4B-00C04F79EFBC}") = "AdapterPattern", "AdapterPattern\AdapterPattern.csproj", "{3DD173BA-EDF0-4DA5-8C45-8B85C5B730B3}"
EndProject
Project("{FAE04EC0-301F-11D3-BF4B-00C04F79EFBC}") = "BridgePattern", "BridgePattern\BridgePattern.csproj", "{59AAB6A5-53DA-4F62-9D82-404C6E5FBB0C}"
EndProject
Global
	GlobalSection(SolutionConfigurationPlatforms) = preSolution
		Debug|Any CPU = Debug|Any CPU
		Release|Any CPU = Release|Any CPU
	EndGlobalSection
	GlobalSection(ProjectConfigurationPlatforms) = postSolution
		{4691DBCB-764D-4B47-8CB9-F31EFD1EF423}.Debug|Any CPU.ActiveCfg = Debug|Any CPU
		{4691DBCB-764D-4B47-8CB9-F31EFD1EF423}.Debug|Any CPU.Build.0 = Debug|Any CPU
		{4691DBCB-764D-4B47-8CB9-F31EFD1EF423}.Release|Any CPU.ActiveCfg = Release|Any CPU
		{4691DBCB-764D-4B47-8CB9-F31EFD1EF423}.Release|Any CPU.Build.0 = Release|Any CPU
		{A8F05014-9677-4079-B3AB-251FC4010078}.Debug|Any CPU.ActiveCfg = Debug|Any CPU
		{A8F05014-9677-4079-B3AB-251FC4010078}.Debug|Any CPU.Build.0 = Debug|Any CPU
		{A8F05014-9677-4079-B3AB-251FC4010078}.Release|Any CPU.ActiveCfg = Release|Any CPU
		{A8F05014-9677-4079-B3AB-251FC4010078}.Release|Any CPU.Build.0 = Release|Any CPU
		{7F914924-6165-4D32-BDBA-01E1C2E232A3}.Debug|Any CPU.ActiveCfg = Debug|Any CPU
		{7F914924-6165-4D32-BDBA-01E1C2E232A3}.Debug|Any CPU.Build.0 = Debug|Any CPU
		{7F914924-6165-4D32-BDBA-01E1C2E232A3}.Release|Any CPU.ActiveCfg = Release|Any CPU
		{7F914924-6165-4D32-BDBA-01E1C2E232A3}.Release|Any CPU.Build.0 = Release|Any CPU
		{B1C6955F-56C9-4EE1-A334-F4EAA7A4D390}.Debug|Any CPU.ActiveCfg = Debug|Any CPU
		{B1C6955F-56C9-4EE1-A334-F4EAA7A4D390}.Debug|Any CPU.Build.0 = Debug|Any CPU
		{B1C6955F-56C9-4EE1-A334-F4EAA7A4D390}.Release|Any CPU.ActiveCfg = Release|Any CPU
		{B1C6955F-56C9-4EE1-A334-F4EAA7A4D390}.Release|Any CPU.Build.0 = Release|Any CPU
		{1A513C31-EECD-45D0-B6CC-5B90A2B8105D}.Debug|Any CPU.ActiveCfg = Debug|Any CPU
		{1A513C31-EECD-45D0-B6CC-5B90A2B8105D}.Debug|Any CPU.Build.0 = Debug|Any CPU
		{1A513C31-EECD-45D0-B6CC-5B90A2B8105D}.Release|Any CPU.ActiveCfg = Release|Any CPU
		{1A513C31-EECD-45D0-B6CC-5B90A2B8105D}.Release|Any CPU.Build.0 = Release|Any CPU
		{3DD173BA-EDF0-4DA5-8C45-8B85C5B730B3}.Debug|Any CPU.ActiveCfg = Debug|Any CPU
		{3DD173BA-EDF0-4DA5-8C45-8B85C5B730B3}.Debug|Any CPU.Build.0 = Debug|Any CPU
		{3DD173BA-EDF0-4DA5-8C45-8B85C5B730B3}.Release|Any CPU.ActiveCfg = Release|Any CPU
		{3DD173BA-EDF0-4DA5-8C45-8B85C5B730B3}.Release|Any CPU.Build.0 = Release|Any CPU
		{59AAB6A5-53DA-4F62-9D82-404C6E5FBB0C}.Debug|Any CPU.ActiveCfg = Debug|Any CPU
		{59AAB6A5-53DA-4F62-9D82-404C6E5FBB0C}.Debug|Any CPU.Build.0 = Debug|Any CPU
		{59AAB6A5-53DA-4F62-9D82-404C6E5FBB0C}.Release|Any CPU.ActiveCfg = Release|Any CPU
		{59AAB6A5-53DA-4F62-9D82-404C6E5FBB0C}.Release|Any CPU.Build.0 = Release|Any CPU
	EndGlobalSection
	GlobalSection(SolutionProperties) = preSolution
		HideSolutionNode = FALSE
	EndGlobalSection
	GlobalSection(NestedProjects) = preSolution
		{CC73661A-7046-4FC5-A1E9-1D20F03EF103} = {E17C06C9-C583-41B8-BBB5-0F858D90C353}
		{A33179A0-C884-4D6F-8983-FD0181D55B26} = {E17C06C9-C583-41B8-BBB5-0F858D90C353}
		{40AF4FC1-6C28-4252-85AB-4BEA0E3CD47D} = {E17C06C9-C583-41B8-BBB5-0F858D90C353}
		{4691DBCB-764D-4B47-8CB9-F31EFD1EF423} = {CC73661A-7046-4FC5-A1E9-1D20F03EF103}
		{A8F05014-9677-4079-B3AB-251FC4010078} = {CC73661A-7046-4FC5-A1E9-1D20F03EF103}
		{7F914924-6165-4D32-BDBA-01E1C2E232A3} = {CC73661A-7046-4FC5-A1E9-1D20F03EF103}
		{B1C6955F-56C9-4EE1-A334-F4EAA7A4D390} = {CC73661A-7046-4FC5-A1E9-1D20F03EF103}
		{1A513C31-EECD-45D0-B6CC-5B90A2B8105D} = {CC73661A-7046-4FC5-A1E9-1D20F03EF103}
		{3DD173BA-EDF0-4DA5-8C45-8B85C5B730B3} = {A33179A0-C884-4D6F-8983-FD0181D55B26}
		{59AAB6A5-53DA-4F62-9D82-404C6E5FBB0C} = {A33179A0-C884-4D6F-8983-FD0181D55B26}
	EndGlobalSection
	GlobalSection(ExtensibilityGlobals) = postSolution
		SolutionGuid = {6BD6A30A-3416-454F-8A7F-580D20296ADC}
	EndGlobalSection
EndGlobal
