
Microsoft Visual Studio Solution File, Format Version 12.00
# Visual Studio 15
VisualStudioVersion = 15.0.28307.572
MinimumVisualStudioVersion = 10.0.40219.1
Project("{FAE04EC0-301F-11D3-BF4B-00C04F79EFBC}") = "迁移文件小工具", "MoveFilesTools\迁移文件小工具.csproj", "{A3481312-EC01-4C5B-93FD-34E9974ABD48}"
EndProject
Global
	GlobalSection(SolutionConfigurationPlatforms) = preSolution
		Debug|Any CPU = Debug|Any CPU
		Release|Any CPU = Release|Any CPU
	EndGlobalSection
	GlobalSection(ProjectConfigurationPlatforms) = postSolution
		{A3481312-EC01-4C5B-93FD-34E9974ABD48}.Debug|Any CPU.ActiveCfg = Debug|Any CPU
		{A3481312-EC01-4C5B-93FD-34E9974ABD48}.Debug|Any CPU.Build.0 = Debug|Any CPU
		{A3481312-EC01-4C5B-93FD-34E9974ABD48}.Release|Any CPU.ActiveCfg = Release|Any CPU
		{A3481312-EC01-4C5B-93FD-34E9974ABD48}.Release|Any CPU.Build.0 = Release|Any CPU
	EndGlobalSection
	GlobalSection(SolutionProperties) = preSolution
		HideSolutionNode = FALSE
	EndGlobalSection
	GlobalSection(ExtensibilityGlobals) = postSolution
		SolutionGuid = {3ADD80BD-8E17-47ED-B471-451B440144CD}
	EndGlobalSection
EndGlobal
